
Microsoft Visual Studio Solution File, Format Version 12.00
# Visual Studio Version 16
VisualStudioVersion = 16.0.29519.87
MinimumVisualStudioVersion = 10.0.40219.1
Project("{2150E333-8FDC-42A3-9474-1A3956D46DE8}") = "App", "App", "{E85349A5-6192-4787-89B9-15689DE09014}"
EndProject
Project("{2150E333-8FDC-42A3-9474-1A3956D46DE8}") = "Libraries", "Libraries", "{3CB55640-58AF-4362-9D62-462981D99DE6}"
EndProject
Project("{2150E333-8FDC-42A3-9474-1A3956D46DE8}") = "Tests", "Tests", "{88F13F5C-346F-4AF2-B604-B4CA2B64BF00}"
EndProject
Project("{9A19103F-16F7-4668-BE54-9A1E7A4F7556}") = "Zz.Api", "App\Zz.Api\Zz.Api.csproj", "{F914FD84-BFAD-4754-8FEF-0B8D52A2138C}"
EndProject
Project("{9A19103F-16F7-4668-BE54-9A1E7A4F7556}") = "Zz.Services", "Libraries\Zz.Services\Zz.Services.csproj", "{DF494A34-77B7-406B-83D0-3A1B63544471}"
EndProject
Project("{9A19103F-16F7-4668-BE54-9A1E7A4F7556}") = "Zz.Core", "Libraries\Zz.Core\Zz.Core.csproj", "{7DC02A81-9E4A-49FD-A693-7E045CE7EE40}"
EndProject
Project("{9A19103F-16F7-4668-BE54-9A1E7A4F7556}") = "Zz.Http.Core", "App\Zz.Http\Zz.Http.Core.csproj", "{073CB546-7BF3-44FA-B8EA-7F5F1724DAEC}"
EndProject
Project("{9A19103F-16F7-4668-BE54-9A1E7A4F7556}") = "GrpcAssembleForTest", "Tests\GrpcAssembleForTest\GrpcAssembleForTest.csproj", "{D73C90B6-3587-44CD-98F8-6CF2A459A8BC}"
EndProject
Project("{2150E333-8FDC-42A3-9474-1A3956D46DE8}") = "Shared", "Shared", "{51149BBF-8209-4B55-ACD0-FA56192F78AA}"
	ProjectSection(SolutionItems) = preProject
		Shared\GrpcAssembleForTest.dll = Shared\GrpcAssembleForTest.dll
	EndProjectSection
EndProject
Global
	GlobalSection(SolutionConfigurationPlatforms) = preSolution
		Debug|Any CPU = Debug|Any CPU
		Release|Any CPU = Release|Any CPU
	EndGlobalSection
	GlobalSection(ProjectConfigurationPlatforms) = postSolution
		{F914FD84-BFAD-4754-8FEF-0B8D52A2138C}.Debug|Any CPU.ActiveCfg = Debug|Any CPU
		{F914FD84-BFAD-4754-8FEF-0B8D52A2138C}.Debug|Any CPU.Build.0 = Debug|Any CPU
		{F914FD84-BFAD-4754-8FEF-0B8D52A2138C}.Release|Any CPU.ActiveCfg = Release|Any CPU
		{F914FD84-BFAD-4754-8FEF-0B8D52A2138C}.Release|Any CPU.Build.0 = Release|Any CPU
		{DF494A34-77B7-406B-83D0-3A1B63544471}.Debug|Any CPU.ActiveCfg = Debug|Any CPU
		{DF494A34-77B7-406B-83D0-3A1B63544471}.Debug|Any CPU.Build.0 = Debug|Any CPU
		{DF494A34-77B7-406B-83D0-3A1B63544471}.Release|Any CPU.ActiveCfg = Release|Any CPU
		{DF494A34-77B7-406B-83D0-3A1B63544471}.Release|Any CPU.Build.0 = Release|Any CPU
		{7DC02A81-9E4A-49FD-A693-7E045CE7EE40}.Debug|Any CPU.ActiveCfg = Debug|Any CPU
		{7DC02A81-9E4A-49FD-A693-7E045CE7EE40}.Debug|Any CPU.Build.0 = Debug|Any CPU
		{7DC02A81-9E4A-49FD-A693-7E045CE7EE40}.Release|Any CPU.ActiveCfg = Release|Any CPU
		{7DC02A81-9E4A-49FD-A693-7E045CE7EE40}.Release|Any CPU.Build.0 = Release|Any CPU
		{073CB546-7BF3-44FA-B8EA-7F5F1724DAEC}.Debug|Any CPU.ActiveCfg = Debug|Any CPU
		{073CB546-7BF3-44FA-B8EA-7F5F1724DAEC}.Debug|Any CPU.Build.0 = Debug|Any CPU
		{073CB546-7BF3-44FA-B8EA-7F5F1724DAEC}.Release|Any CPU.ActiveCfg = Release|Any CPU
		{073CB546-7BF3-44FA-B8EA-7F5F1724DAEC}.Release|Any CPU.Build.0 = Release|Any CPU
		{D73C90B6-3587-44CD-98F8-6CF2A459A8BC}.Debug|Any CPU.ActiveCfg = Debug|Any CPU
		{D73C90B6-3587-44CD-98F8-6CF2A459A8BC}.Debug|Any CPU.Build.0 = Debug|Any CPU
		{D73C90B6-3587-44CD-98F8-6CF2A459A8BC}.Release|Any CPU.ActiveCfg = Release|Any CPU
		{D73C90B6-3587-44CD-98F8-6CF2A459A8BC}.Release|Any CPU.Build.0 = Release|Any CPU
	EndGlobalSection
	GlobalSection(SolutionProperties) = preSolution
		HideSolutionNode = FALSE
	EndGlobalSection
	GlobalSection(NestedProjects) = preSolution
		{F914FD84-BFAD-4754-8FEF-0B8D52A2138C} = {E85349A5-6192-4787-89B9-15689DE09014}
		{DF494A34-77B7-406B-83D0-3A1B63544471} = {3CB55640-58AF-4362-9D62-462981D99DE6}
		{7DC02A81-9E4A-49FD-A693-7E045CE7EE40} = {3CB55640-58AF-4362-9D62-462981D99DE6}
		{073CB546-7BF3-44FA-B8EA-7F5F1724DAEC} = {E85349A5-6192-4787-89B9-15689DE09014}
		{D73C90B6-3587-44CD-98F8-6CF2A459A8BC} = {88F13F5C-346F-4AF2-B604-B4CA2B64BF00}
	EndGlobalSection
	GlobalSection(ExtensibilityGlobals) = postSolution
		SolutionGuid = {FB440D46-5D74-44F7-9D46-98184C8D42E1}
	EndGlobalSection
EndGlobal
